
Microsoft Visual Studio Solution File, Format Version 12.00
# Visual Studio Version 17
VisualStudioVersion = 17.9.34902.65
MinimumVisualStudioVersion = 10.0.40219.1
Project("{FAE04EC0-301F-11D3-BF4B-00C04F79EFBC}") = "CK.AspNet.SiteMap", "CK.AspNet.SiteMap\CK.AspNet.SiteMap.csproj", "{AAAD300C-1133-4937-88BE-F4E8678FF22C}"
EndProject
Global
	GlobalSection(SolutionConfigurationPlatforms) = preSolution
		Debug|Any CPU = Debug|Any CPU
		Release|Any CPU = Release|Any CPU
	EndGlobalSection
	GlobalSection(ProjectConfigurationPlatforms) = postSolution
		{AAAD300C-1133-4937-88BE-F4E8678FF22C}.Debug|Any CPU.ActiveCfg = Debug|Any CPU
		{AAAD300C-1133-4937-88BE-F4E8678FF22C}.Debug|Any CPU.Build.0 = Debug|Any CPU
		{AAAD300C-1133-4937-88BE-F4E8678FF22C}.Release|Any CPU.ActiveCfg = Release|Any CPU
		{AAAD300C-1133-4937-88BE-F4E8678FF22C}.Release|Any CPU.Build.0 = Release|Any CPU
	EndGlobalSection
	GlobalSection(SolutionProperties) = preSolution
		HideSolutionNode = FALSE
	EndGlobalSection
	GlobalSection(ExtensibilityGlobals) = postSolution
		SolutionGuid = {0DD39C7D-FB32-48AF-AE0F-276E0F483452}
	EndGlobalSection
EndGlobal
